{

  "name": "posnext",

  "lockfileVersion": 3,

  "requires": true,

  "packages": {

    "": {

      "dependencies": {

        "jsrsasign": "^10.8.6",

        "onscan.js": "^1.5.2",

        "qz-tray": "^2.2.2"

      },

      "devDependencies": {}

    },

    "node_modules/jsrsasign": {

      "version": "10.9.0",

      "resolved": "https://registry.npmjs.org/jsrsasign/-/jsrsasign-10.9.0.tgz",

      "integrity": "sha512-QWLUikj1SBJGuyGK8tjKSx3K7Y69KYJnrs/pQ1KZ6wvZIkHkWjZ1PJDpuvc1/28c1uP0KW9qn1eI1LzHQqDOwQ==",

      "license": "MIT",

      "funding": {

        "url": "https://github.com/kjur/jsrsasign#donations"

      }

    },
    

    "node_modules/onscan.js": {

      "version": "1.5.2",

      "resolved": "https://registry.npmjs.org/onscan.js/-/onscan.js-1.5.2.tgz",

      "integrity": "sha512-9oGYy2gXYRjvXO9GYqqVca0VuCTAmWhbmX3egBSBP13rXiMNb+dKPJzKFEeECGqPBpf0m40Zoo+GUQ7eCackdw==",

      "license": "MIT"

    },

    "node_modules/qz-tray": {
      "version": "2.2.3",
      "resolved": "https://registry.npmjs.org/qz-tray/-/qz-tray-2.2.3.tgz",
      "integrity": "sha512-kvrka0l6Pls4grnfatKIp6OnJJNyQXrouy+/wXk04Zqz5oiKzTaiuM6v67hTFNeXC4bzUTyX1DoRJSon/M9rqQ=="
    }

  }

}

